
Microsoft Visual Studio Solution File, Format Version 12.00
# Visual Studio Version 17
VisualStudioVersion = 17.0.31612.314
MinimumVisualStudioVersion = 10.0.40219.1
Project("{FAE04EC0-301F-11D3-BF4B-00C04F79EFBC}") = "Cek Air Batam", "Cek Air Batam\Cek Air Batam.csproj", "{6BF409D5-39D3-4966-841A-05676C5CA6F8}"
EndProject
Project("{FAE04EC0-301F-11D3-BF4B-00C04F79EFBC}") = "Cek Air Batam.Android", "Cek Air Batam.Android\Cek Air Batam.Android.csproj", "{6E9C9CDF-E1E5-44B7-8583-F75D900D3048}"
EndProject
Global
	GlobalSection(SolutionConfigurationPlatforms) = preSolution
		Debug|Any CPU = Debug|Any CPU
		Release|Any CPU = Release|Any CPU
	EndGlobalSection
	GlobalSection(ProjectConfigurationPlatforms) = postSolution
		{6BF409D5-39D3-4966-841A-05676C5CA6F8}.Debug|Any CPU.ActiveCfg = Debug|Any CPU
		{6BF409D5-39D3-4966-841A-05676C5CA6F8}.Debug|Any CPU.Build.0 = Debug|Any CPU
		{6BF409D5-39D3-4966-841A-05676C5CA6F8}.Debug|Any CPU.Deploy.0 = Debug|Any CPU
		{6BF409D5-39D3-4966-841A-05676C5CA6F8}.Release|Any CPU.ActiveCfg = Release|Any CPU
		{6BF409D5-39D3-4966-841A-05676C5CA6F8}.Release|Any CPU.Build.0 = Release|Any CPU
		{6BF409D5-39D3-4966-841A-05676C5CA6F8}.Release|Any CPU.Deploy.0 = Release|Any CPU
		{6E9C9CDF-E1E5-44B7-8583-F75D900D3048}.Debug|Any CPU.ActiveCfg = Debug|Any CPU
		{6E9C9CDF-E1E5-44B7-8583-F75D900D3048}.Debug|Any CPU.Build.0 = Debug|Any CPU
		{6E9C9CDF-E1E5-44B7-8583-F75D900D3048}.Debug|Any CPU.Deploy.0 = Debug|Any CPU
		{6E9C9CDF-E1E5-44B7-8583-F75D900D3048}.Release|Any CPU.ActiveCfg = Release|Any CPU
		{6E9C9CDF-E1E5-44B7-8583-F75D900D3048}.Release|Any CPU.Build.0 = Release|Any CPU
		{6E9C9CDF-E1E5-44B7-8583-F75D900D3048}.Release|Any CPU.Deploy.0 = Release|Any CPU
	EndGlobalSection
	GlobalSection(SolutionProperties) = preSolution
		HideSolutionNode = FALSE
	EndGlobalSection
	GlobalSection(ExtensibilityGlobals) = postSolution
		SolutionGuid = {AED2ACF8-B22B-436D-8091-289CB8A10A75}
	EndGlobalSection
EndGlobal
